
Microsoft Visual Studio Solution File, Format Version 12.00
# Visual Studio Version 17
VisualStudioVersion = 17.4.33213.308
MinimumVisualStudioVersion = 10.0.40219.1
Project("{FAE04EC0-301F-11D3-BF4B-00C04F79EFBC}") = "AF.DVS.RabbitMQ.TRIGGER", "AF.DVS.RabbitMQ.TRIGGER.csproj", "{FE7344E8-DEAD-4FFE-810D-501E6F3790C8}"
EndProject
Global
	GlobalSection(SolutionConfigurationPlatforms) = preSolution
		Debug|Any CPU = Debug|Any CPU
		Release|Any CPU = Release|Any CPU
	EndGlobalSection
	GlobalSection(ProjectConfigurationPlatforms) = postSolution
		{FE7344E8-DEAD-4FFE-810D-501E6F3790C8}.Debug|Any CPU.ActiveCfg = Debug|Any CPU
		{FE7344E8-DEAD-4FFE-810D-501E6F3790C8}.Debug|Any CPU.Build.0 = Debug|Any CPU
		{FE7344E8-DEAD-4FFE-810D-501E6F3790C8}.Release|Any CPU.ActiveCfg = Release|Any CPU
		{FE7344E8-DEAD-4FFE-810D-501E6F3790C8}.Release|Any CPU.Build.0 = Release|Any CPU
	EndGlobalSection
	GlobalSection(SolutionProperties) = preSolution
		HideSolutionNode = FALSE
	EndGlobalSection
	GlobalSection(ExtensibilityGlobals) = postSolution
		SolutionGuid = {67917E92-0882-452D-B72B-9E417F8705DC}
	EndGlobalSection
EndGlobal
