
Microsoft Visual Studio Solution File, Format Version 12.00
# Visual Studio Version 17
VisualStudioVersion = 17.6.33801.468
MinimumVisualStudioVersion = 10.0.40219.1
Project("{FAE04EC0-301F-11D3-BF4B-00C04F79EFBC}") = "AF.DevScope.ApplyXSLTTransformations", "AF.DevScope.ApplyXSLTTransformations\AF.DevScope.ApplyXSLTTransformations.csproj", "{0CC57DAB-7671-4041-90E4-6A8F5BB878F2}"
EndProject
Global
	GlobalSection(SolutionConfigurationPlatforms) = preSolution
		Debug|Any CPU = Debug|Any CPU
		Release|Any CPU = Release|Any CPU
	EndGlobalSection
	GlobalSection(ProjectConfigurationPlatforms) = postSolution
		{0CC57DAB-7671-4041-90E4-6A8F5BB878F2}.Debug|Any CPU.ActiveCfg = Debug|Any CPU
		{0CC57DAB-7671-4041-90E4-6A8F5BB878F2}.Debug|Any CPU.Build.0 = Debug|Any CPU
		{0CC57DAB-7671-4041-90E4-6A8F5BB878F2}.Release|Any CPU.ActiveCfg = Release|Any CPU
		{0CC57DAB-7671-4041-90E4-6A8F5BB878F2}.Release|Any CPU.Build.0 = Release|Any CPU
	EndGlobalSection
	GlobalSection(SolutionProperties) = preSolution
		HideSolutionNode = FALSE
	EndGlobalSection
	GlobalSection(ExtensibilityGlobals) = postSolution
		SolutionGuid = {8A4F5BBD-D0B7-4677-B810-BFD312D13A1B}
	EndGlobalSection
EndGlobal
