
Microsoft Visual Studio Solution File, Format Version 12.00
# Visual Studio Version 17
VisualStudioVersion = 17.4.33213.308
MinimumVisualStudioVersion = 10.0.40219.1
Project("{9A19103F-16F7-4668-BE54-9A1E7A4F7556}") = "AF-DVS-MergeFilesIntoPDF-POC", "AF-DVS-MergeFilesIntoPDF-POC.csproj", "{D30D8EE0-904A-4BFF-9230-E2D5ED50AD73}"
EndProject
Project("{151D2E53-A2C4-4D7D-83FE-D05416EBD58E}") = "AF.ARM.DeploymentSettings", "..\AF.ARM.DeploymentSettings\AF.ARM.DeploymentSettings.deployproj", "{169ABAE1-8FE0-4F31-9834-A9472010FBB7}"
EndProject
Global
	GlobalSection(SolutionConfigurationPlatforms) = preSolution
		Debug|Any CPU = Debug|Any CPU
		Release|Any CPU = Release|Any CPU
	EndGlobalSection
	GlobalSection(ProjectConfigurationPlatforms) = postSolution
		{D30D8EE0-904A-4BFF-9230-E2D5ED50AD73}.Debug|Any CPU.ActiveCfg = Debug|Any CPU
		{D30D8EE0-904A-4BFF-9230-E2D5ED50AD73}.Debug|Any CPU.Build.0 = Debug|Any CPU
		{D30D8EE0-904A-4BFF-9230-E2D5ED50AD73}.Release|Any CPU.ActiveCfg = Release|Any CPU
		{D30D8EE0-904A-4BFF-9230-E2D5ED50AD73}.Release|Any CPU.Build.0 = Release|Any CPU
		{169ABAE1-8FE0-4F31-9834-A9472010FBB7}.Debug|Any CPU.ActiveCfg = Debug|Any CPU
		{169ABAE1-8FE0-4F31-9834-A9472010FBB7}.Debug|Any CPU.Build.0 = Debug|Any CPU
		{169ABAE1-8FE0-4F31-9834-A9472010FBB7}.Release|Any CPU.ActiveCfg = Release|Any CPU
		{169ABAE1-8FE0-4F31-9834-A9472010FBB7}.Release|Any CPU.Build.0 = Release|Any CPU
	EndGlobalSection
	GlobalSection(SolutionProperties) = preSolution
		HideSolutionNode = FALSE
	EndGlobalSection
	GlobalSection(ExtensibilityGlobals) = postSolution
		SolutionGuid = {7A697070-C0F2-4D0D-A7BB-594DEF5DB2EF}
	EndGlobalSection
EndGlobal
