
Microsoft Visual Studio Solution File, Format Version 12.00
# Visual Studio Version 17
VisualStudioVersion = 17.3.32929.385
MinimumVisualStudioVersion = 10.0.40219.1
Project("{FAE04EC0-301F-11D3-BF4B-00C04F79EFBC}") = "AF.DevScope.Conversion.Functions", "AF.DevScope.Conversion.Functions\AF.DevScope.Conversion.Functions.csproj", "{B11E9DCF-E7BA-49C7-AFFD-15932579AC0D}"
EndProject
Global
	GlobalSection(SolutionConfigurationPlatforms) = preSolution
		Debug|Any CPU = Debug|Any CPU
		Release|Any CPU = Release|Any CPU
	EndGlobalSection
	GlobalSection(ProjectConfigurationPlatforms) = postSolution
		{B11E9DCF-E7BA-49C7-AFFD-15932579AC0D}.Debug|Any CPU.ActiveCfg = Debug|Any CPU
		{B11E9DCF-E7BA-49C7-AFFD-15932579AC0D}.Debug|Any CPU.Build.0 = Debug|Any CPU
		{B11E9DCF-E7BA-49C7-AFFD-15932579AC0D}.Release|Any CPU.ActiveCfg = Release|Any CPU
		{B11E9DCF-E7BA-49C7-AFFD-15932579AC0D}.Release|Any CPU.Build.0 = Release|Any CPU
	EndGlobalSection
	GlobalSection(SolutionProperties) = preSolution
		HideSolutionNode = FALSE
	EndGlobalSection
	GlobalSection(ExtensibilityGlobals) = postSolution
		SolutionGuid = {DD837FA1-A3DA-4C1F-9FC5-7A4C6DC51365}
	EndGlobalSection
EndGlobal
