
Microsoft Visual Studio Solution File, Format Version 12.00
# Visual Studio Version 16
VisualStudioVersion = 16.0.30503.244
MinimumVisualStudioVersion = 10.0.40219.1
Project("{FAE04EC0-301F-11D3-BF4B-00C04F79EFBC}") = "SASP.FunctionApps.Samples.NetCore", "SASP.FunctionApps.Samples\SASP.FunctionApps.Samples.NetCore.csproj", "{CFA0D3AF-08CA-4179-BB07-BC236DD730A8}"
EndProject
Global
	GlobalSection(SolutionConfigurationPlatforms) = preSolution
		Debug|Any CPU = Debug|Any CPU
		Release|Any CPU = Release|Any CPU
	EndGlobalSection
	GlobalSection(ProjectConfigurationPlatforms) = postSolution
		{CFA0D3AF-08CA-4179-BB07-BC236DD730A8}.Debug|Any CPU.ActiveCfg = Debug|Any CPU
		{CFA0D3AF-08CA-4179-BB07-BC236DD730A8}.Debug|Any CPU.Build.0 = Debug|Any CPU
		{CFA0D3AF-08CA-4179-BB07-BC236DD730A8}.Release|Any CPU.ActiveCfg = Release|Any CPU
		{CFA0D3AF-08CA-4179-BB07-BC236DD730A8}.Release|Any CPU.Build.0 = Release|Any CPU
	EndGlobalSection
	GlobalSection(SolutionProperties) = preSolution
		HideSolutionNode = FALSE
	EndGlobalSection
	GlobalSection(ExtensibilityGlobals) = postSolution
		SolutionGuid = {A7E65C5B-0A69-4DFC-B6E9-BC8054FE2DDB}
	EndGlobalSection
EndGlobal
