
Microsoft Visual Studio Solution File, Format Version 12.00
# Visual Studio Version 17
VisualStudioVersion = 17.4.33213.308
MinimumVisualStudioVersion = 10.0.40219.1
Project("{9A19103F-16F7-4668-BE54-9A1E7A4F7556}") = "AF.DevScope.Advance.XmlValidation", "AF.DevScope.Advance.XmlValidation.csproj", "{3EDD9F8E-4115-448D-B144-49BEB2B11B40}"
EndProject
Global
	GlobalSection(SolutionConfigurationPlatforms) = preSolution
		Debug|Any CPU = Debug|Any CPU
		Release|Any CPU = Release|Any CPU
	EndGlobalSection
	GlobalSection(ProjectConfigurationPlatforms) = postSolution
		{3EDD9F8E-4115-448D-B144-49BEB2B11B40}.Debug|Any CPU.ActiveCfg = Debug|Any CPU
		{3EDD9F8E-4115-448D-B144-49BEB2B11B40}.Debug|Any CPU.Build.0 = Debug|Any CPU
		{3EDD9F8E-4115-448D-B144-49BEB2B11B40}.Release|Any CPU.ActiveCfg = Release|Any CPU
		{3EDD9F8E-4115-448D-B144-49BEB2B11B40}.Release|Any CPU.Build.0 = Release|Any CPU
	EndGlobalSection
	GlobalSection(SolutionProperties) = preSolution
		HideSolutionNode = FALSE
	EndGlobalSection
	GlobalSection(ExtensibilityGlobals) = postSolution
		SolutionGuid = {9CCF7AB9-8290-43A0-B67C-AC56C2A9CF38}
	EndGlobalSection
EndGlobal
