
Microsoft Visual Studio Solution File, Format Version 12.00
# Visual Studio Version 17
VisualStudioVersion = 17.4.33213.308
MinimumVisualStudioVersion = 10.0.40219.1
Project("{9A19103F-16F7-4668-BE54-9A1E7A4F7556}") = "AF-DVS-ConvertCsvIntoJson-POC", "AF-DVS-ConvertCsvIntoJson-POC.csproj", "{A59AB7C4-3F72-4F97-AA3D-3E51A519222C}"
EndProject
Global
	GlobalSection(SolutionConfigurationPlatforms) = preSolution
		Debug|Any CPU = Debug|Any CPU
		Release|Any CPU = Release|Any CPU
	EndGlobalSection
	GlobalSection(ProjectConfigurationPlatforms) = postSolution
		{A59AB7C4-3F72-4F97-AA3D-3E51A519222C}.Debug|Any CPU.ActiveCfg = Debug|Any CPU
		{A59AB7C4-3F72-4F97-AA3D-3E51A519222C}.Debug|Any CPU.Build.0 = Debug|Any CPU
		{A59AB7C4-3F72-4F97-AA3D-3E51A519222C}.Release|Any CPU.ActiveCfg = Release|Any CPU
		{A59AB7C4-3F72-4F97-AA3D-3E51A519222C}.Release|Any CPU.Build.0 = Release|Any CPU
	EndGlobalSection
	GlobalSection(SolutionProperties) = preSolution
		HideSolutionNode = FALSE
	EndGlobalSection
	GlobalSection(ExtensibilityGlobals) = postSolution
		SolutionGuid = {D5C70EEB-D6D3-46C6-9F1E-ACA53DD1F007}
	EndGlobalSection
EndGlobal
