
Microsoft Visual Studio Solution File, Format Version 12.00
# Visual Studio Version 16
VisualStudioVersion = 16.0.37206.5
MinimumVisualStudioVersion = 10.0.40219.1
Project("{FAE04EC0-301F-11D3-BF4B-00C04F79EFBC}") = "FlatFileWithDelimitersInBusinessData", "FlatFileWithDelimitersInBusinessData\FlatFileWithDelimitersInBusinessData.btproj", "{F10BDB6C-612D-49B5-9BCC-C31EFCF8FA3D}"
EndProject
Global
	GlobalSection(SolutionConfigurationPlatforms) = preSolution
		Debug|Any CPU = Debug|Any CPU
		Release|Any CPU = Release|Any CPU
	EndGlobalSection
	GlobalSection(ProjectConfigurationPlatforms) = postSolution
		{F10BDB6C-612D-49B5-9BCC-C31EFCF8FA3D}.Debug|Any CPU.ActiveCfg = Debug|Any CPU
		{F10BDB6C-612D-49B5-9BCC-C31EFCF8FA3D}.Debug|Any CPU.Build.0 = Debug|Any CPU
		{F10BDB6C-612D-49B5-9BCC-C31EFCF8FA3D}.Release|Any CPU.ActiveCfg = Release|Any CPU
		{F10BDB6C-612D-49B5-9BCC-C31EFCF8FA3D}.Release|Any CPU.Build.0 = Release|Any CPU
	EndGlobalSection
	GlobalSection(SolutionProperties) = preSolution
		HideSolutionNode = FALSE
	EndGlobalSection
	GlobalSection(ExtensibilityGlobals) = postSolution
		SolutionGuid = {7851AB5D-CCBE-4A66-ABA5-0E099D4C929F}
	EndGlobalSection
EndGlobal
